
Microsoft Visual Studio Solution File, Format Version 12.00
# Visual Studio Version 17
VisualStudioVersion = 17.5.002.0
MinimumVisualStudioVersion = 10.0.40219.1
Project("{9A19103F-16F7-4668-BE54-9A1E7A4F7556}") = "UntiTest", "UntiTest.csproj", "{DE8B4FAA-A08D-429C-B2F6-E906AE9D8420}"
EndProject
Global
	GlobalSection(SolutionConfigurationPlatforms) = preSolution
		Debug|Any CPU = Debug|Any CPU
		Release|Any CPU = Release|Any CPU
	EndGlobalSection
	GlobalSection(ProjectConfigurationPlatforms) = postSolution
		{DE8B4FAA-A08D-429C-B2F6-E906AE9D8420}.Debug|Any CPU.ActiveCfg = Debug|Any CPU
		{DE8B4FAA-A08D-429C-B2F6-E906AE9D8420}.Debug|Any CPU.Build.0 = Debug|Any CPU
		{DE8B4FAA-A08D-429C-B2F6-E906AE9D8420}.Release|Any CPU.ActiveCfg = Release|Any CPU
		{DE8B4FAA-A08D-429C-B2F6-E906AE9D8420}.Release|Any CPU.Build.0 = Release|Any CPU
	EndGlobalSection
	GlobalSection(SolutionProperties) = preSolution
		HideSolutionNode = FALSE
	EndGlobalSection
	GlobalSection(ExtensibilityGlobals) = postSolution
		SolutionGuid = {DC8B22AC-E951-4D07-A25E-E4624225E721}
	EndGlobalSection
EndGlobal
